
Microsoft Visual Studio Solution File, Format Version 12.00
# Visual Studio Version 17
VisualStudioVersion = 17.8.34330.188
MinimumVisualStudioVersion = 10.0.40219.1
Project("{9A19103F-16F7-4668-BE54-9A1E7A4F7556}") = "GoogleApps_from_Grasshopper", "GoogleApps_from_Grasshopper.csproj", "{83DDDE71-550D-4A09-B0F3-AFE700B577A6}"
EndProject
Project("{2150E333-8FDC-42A3-9474-1A3956D46DE8}") = "Solution Items", "Solution Items", "{6BCE90C1-28B6-4AC8-A823-24C7D36EF636}"
EndProject
Global
	GlobalSection(SolutionConfigurationPlatforms) = preSolution
		Debug|Any CPU = Debug|Any CPU
		Release|Any CPU = Release|Any CPU
	EndGlobalSection
	GlobalSection(ProjectConfigurationPlatforms) = postSolution
		{83DDDE71-550D-4A09-B0F3-AFE700B577A6}.Debug|Any CPU.ActiveCfg = Debug|Any CPU
		{83DDDE71-550D-4A09-B0F3-AFE700B577A6}.Debug|Any CPU.Build.0 = Debug|Any CPU
		{83DDDE71-550D-4A09-B0F3-AFE700B577A6}.Release|Any CPU.ActiveCfg = Release|Any CPU
		{83DDDE71-550D-4A09-B0F3-AFE700B577A6}.Release|Any CPU.Build.0 = Release|Any CPU
	EndGlobalSection
	GlobalSection(SolutionProperties) = preSolution
		HideSolutionNode = FALSE
	EndGlobalSection
	GlobalSection(ExtensibilityGlobals) = postSolution
		SolutionGuid = {4DBA7FFA-0031-43CB-A81E-3FC946FE3C84}
	EndGlobalSection
EndGlobal
